
Microsoft Visual Studio Solution File, Format Version 12.00
# Visual Studio Version 17
VisualStudioVersion = 17.4.33213.308
MinimumVisualStudioVersion = 10.0.40219.1
Project("{FAE04EC0-301F-11D3-BF4B-00C04F79EFBC}") = "Oasis.ReportTestTool", "Oasis.ReportTestTool\Oasis.ReportTestTool.csproj", "{6E970EEA-0AE1-47B5-93B6-F97213EF451A}"
EndProject
Global
	GlobalSection(SolutionConfigurationPlatforms) = preSolution
		Debug|Any CPU = Debug|Any CPU
		Release|Any CPU = Release|Any CPU
	EndGlobalSection
	GlobalSection(ProjectConfigurationPlatforms) = postSolution
		{6E970EEA-0AE1-47B5-93B6-F97213EF451A}.Debug|Any CPU.ActiveCfg = Debug|Any CPU
		{6E970EEA-0AE1-47B5-93B6-F97213EF451A}.Debug|Any CPU.Build.0 = Debug|Any CPU
		{6E970EEA-0AE1-47B5-93B6-F97213EF451A}.Release|Any CPU.ActiveCfg = Release|Any CPU
		{6E970EEA-0AE1-47B5-93B6-F97213EF451A}.Release|Any CPU.Build.0 = Release|Any CPU
	EndGlobalSection
	GlobalSection(SolutionProperties) = preSolution
		HideSolutionNode = FALSE
	EndGlobalSection
	GlobalSection(ExtensibilityGlobals) = postSolution
		SolutionGuid = {850E1BFC-3A85-40E3-8E21-5BE49C9595C1}
	EndGlobalSection
EndGlobal
